Microsoft Visual Studio Solution File, Format Version 12.00
# Visual Studio Version 17
VisualStudioVersion = 17.0.0
MinimumVisualStudioVersion = 10.0.40219.1
Project("{9A19103F-16F7-4668-BE54-9A1E7A4F7556}") = "Presentation", "src\Presentation\Presentation.csproj", "{53954267-E7C5-4B32-844A-3AAD33C55632}"
EndProject
Project("{9A19103F-16F7-4668-BE54-9A1E7A4F7556}") = "BusinessLogic", "src\Business\BusinessLogic.csproj", "{C40CB804-0A28-4237-8A05-4FFDBE84C129}"
EndProject
Project("{9A19103F-16F7-4668-BE54-9A1E7A4F7556}") = "DataAccess", "src\Data\DataAccess.csproj", "{F114BB36-9FF8-46EA-B8FB-945AE785FEF6}"
EndProject
Global
	GlobalSection(SolutionConfigurationPlatforms) = preSolution
		Debug|Any CPU = Debug|Any CPU
		Release|Any CPU = Release|Any CPU
	EndGlobalSection
	GlobalSection(ProjectConfigurationPlatforms) = postSolution
		{53954267-E7C5-4B32-844A-3AAD33C55632}.Debug|Any CPU.ActiveCfg = Debug|Any CPU
		{53954267-E7C5-4B32-844A-3AAD33C55632}.Debug|Any CPU.Build.0 = Debug|Any CPU
		{53954267-E7C5-4B32-844A-3AAD33C55632}.Release|Any CPU.ActiveCfg = Release|Any CPU
		{53954267-E7C5-4B32-844A-3AAD33C55632}.Release|Any CPU.Build.0 = Release|Any CPU
		{C40CB804-0A28-4237-8A05-4FFDBE84C129}.Debug|Any CPU.ActiveCfg = Debug|Any CPU
		{C40CB804-0A28-4237-8A05-4FFDBE84C129}.Debug|Any CPU.Build.0 = Debug|Any CPU
		{C40CB804-0A28-4237-8A05-4FFDBE84C129}.Release|Any CPU.ActiveCfg = Release|Any CPU
		{C40CB804-0A28-4237-8A05-4FFDBE84C129}.Release|Any CPU.Build.0 = Release|Any CPU
		{F114BB36-9FF8-46EA-B8FB-945AE785FEF6}.Debug|Any CPU.ActiveCfg = Debug|Any CPU
		{F114BB36-9FF8-46EA-B8FB-945AE785FEF6}.Debug|Any CPU.Build.0 = Debug|Any CPU
		{F114BB36-9FF8-46EA-B8FB-945AE785FEF6}.Release|Any CPU.ActiveCfg = Release|Any CPU
		{F114BB36-9FF8-46EA-B8FB-945AE785FEF6}.Release|Any CPU.Build.0 = Release|Any CPU
	EndGlobalSection
	GlobalSection(SolutionProperties) = preSolution
		HideSolutionNode = FALSE
	EndGlobalSection
	GlobalSection(ExtensibilityGlobals) = postSolution
		SolutionGuid = {3F79772D-CB13-4740-B48F-08D5A60F901D}
	EndGlobalSection
EndGlobal
